
Microsoft Visual Studio Solution File, Format Version 12.00
# Visual Studio 15
VisualStudioVersion = 15.0.27130.2020
MinimumVisualStudioVersion = 10.0.40219.1
Project("{9A19103F-16F7-4668-BE54-9A1E7A4F7556}") = "LeBlancCodes.Integrations.Runner", "src\LeBlancCodes.Integrations.Runner\LeBlancCodes.Integrations.Runner.csproj", "{74963945-11F3-4D01-99E6-73755D094FB3}"
EndProject
Project("{2150E333-8FDC-42A3-9474-1A3956D46DE8}") = "Solution Items", "Solution Items", "{197C206E-1AA9-4DC3-842B-63B0F1C9ED91}"
	ProjectSection(SolutionItems) = preProject
		.editorconfig = .editorconfig
		.gitattributes = .gitattributes
		.gitignore = .gitignore
	EndProjectSection
EndProject
Global
	GlobalSection(SolutionConfigurationPlatforms) = preSolution
		Debug|Any CPU = Debug|Any CPU
		Release|Any CPU = Release|Any CPU
	EndGlobalSection
	GlobalSection(ProjectConfigurationPlatforms) = postSolution
		{74963945-11F3-4D01-99E6-73755D094FB3}.Debug|Any CPU.ActiveCfg = Debug|Any CPU
		{74963945-11F3-4D01-99E6-73755D094FB3}.Debug|Any CPU.Build.0 = Debug|Any CPU
		{74963945-11F3-4D01-99E6-73755D094FB3}.Release|Any CPU.ActiveCfg = Release|Any CPU
		{74963945-11F3-4D01-99E6-73755D094FB3}.Release|Any CPU.Build.0 = Release|Any CPU
	EndGlobalSection
	GlobalSection(SolutionProperties) = preSolution
		HideSolutionNode = FALSE
	EndGlobalSection
	GlobalSection(ExtensibilityGlobals) = postSolution
		SolutionGuid = {F365495B-17C9-43F0-90E6-67BAE1869577}
	EndGlobalSection
EndGlobal
